
Microsoft Visual Studio Solution File, Format Version 12.00
# Visual Studio Version 17
VisualStudioVersion = 17.3.32901.215
MinimumVisualStudioVersion = 10.0.40219.1
Project("{FAE04EC0-301F-11D3-BF4B-00C04F79EFBC}") = "Trabalho_Poo", "Trabalho_Poo.csproj", "{C137D671-E37E-4D12-9B98-5085B607735D}"
EndProject
Project("{FAE04EC0-301F-11D3-BF4B-00C04F79EFBC}") = "ClassDeControloBD", "..\ClassDeControloBD\ClassDeControloBD.csproj", "{E8544316-054C-4FF3-9651-AC2FE601972F}"
EndProject
Global
	GlobalSection(SolutionConfigurationPlatforms) = preSolution
		Debug|Any CPU = Debug|Any CPU
		Release|Any CPU = Release|Any CPU
	EndGlobalSection
	GlobalSection(ProjectConfigurationPlatforms) = postSolution
		{C137D671-E37E-4D12-9B98-5085B607735D}.Debug|Any CPU.ActiveCfg = Debug|Any CPU
		{C137D671-E37E-4D12-9B98-5085B607735D}.Debug|Any CPU.Build.0 = Debug|Any CPU
		{C137D671-E37E-4D12-9B98-5085B607735D}.Release|Any CPU.ActiveCfg = Release|Any CPU
		{C137D671-E37E-4D12-9B98-5085B607735D}.Release|Any CPU.Build.0 = Release|Any CPU
		{E8544316-054C-4FF3-9651-AC2FE601972F}.Debug|Any CPU.ActiveCfg = Debug|Any CPU
		{E8544316-054C-4FF3-9651-AC2FE601972F}.Debug|Any CPU.Build.0 = Debug|Any CPU
		{E8544316-054C-4FF3-9651-AC2FE601972F}.Release|Any CPU.ActiveCfg = Release|Any CPU
		{E8544316-054C-4FF3-9651-AC2FE601972F}.Release|Any CPU.Build.0 = Release|Any CPU
	EndGlobalSection
	GlobalSection(SolutionProperties) = preSolution
		HideSolutionNode = FALSE
	EndGlobalSection
	GlobalSection(ExtensibilityGlobals) = postSolution
		SolutionGuid = {8ADD1C62-1245-4545-B870-F479D33A73AF}
	EndGlobalSection
EndGlobal
